
Microsoft Visual Studio Solution File, Format Version 12.00
# Visual Studio Version 16
VisualStudioVersion = 16.0.28803.202
MinimumVisualStudioVersion = 10.0.40219.1
Project("{FAE04EC0-301F-11D3-BF4B-00C04F79EFBC}") = "Simple Calculator", "Simple Calculator\Simple Calculator.csproj", "{19E1A0EE-5EAA-4A4D-A66A-A0FDEAA710E9}"
EndProject
Global
	GlobalSection(SolutionConfigurationPlatforms) = preSolution
		Debug|Any CPU = Debug|Any CPU
		Release|Any CPU = Release|Any CPU
	EndGlobalSection
	GlobalSection(ProjectConfigurationPlatforms) = postSolution
		{19E1A0EE-5EAA-4A4D-A66A-A0FDEAA710E9}.Debug|Any CPU.ActiveCfg = Debug|Any CPU
		{19E1A0EE-5EAA-4A4D-A66A-A0FDEAA710E9}.Debug|Any CPU.Build.0 = Debug|Any CPU
		{19E1A0EE-5EAA-4A4D-A66A-A0FDEAA710E9}.Release|Any CPU.ActiveCfg = Release|Any CPU
		{19E1A0EE-5EAA-4A4D-A66A-A0FDEAA710E9}.Release|Any CPU.Build.0 = Release|Any CPU
	EndGlobalSection
	GlobalSection(SolutionProperties) = preSolution
		HideSolutionNode = FALSE
	EndGlobalSection
	GlobalSection(ExtensibilityGlobals) = postSolution
		SolutionGuid = {A5CE0360-95D7-4F9C-880F-BCE024385D36}
	EndGlobalSection
EndGlobal
